// !$*UTF8*$!
{
	archiveVersion = 1;
	classes = {
	};
	objectVersion = 48;
	objects = {

/* Begin PBXBuildFile section */
		744DDEE51FC708D70057C1C8 /* RNScrypt.m in Sources */ = {isa = PBXBuildFile; fileRef = 744DDEE41FC708D70057C1C8 /* RNScrypt.m */; };
		744DDEE61FC708D70057C1C8 /* RNScrypt.h in CopyFiles */ = {isa = PBXBuildFile; fileRef = 744DDEE31FC708D70057C1C8 /* RNScrypt.h */; };
		74FBA3AA1FC80C2C00E3A2E3 /* crypto_scrypt-check.c in Sources */ = {isa = PBXBuildFile; fileRef = 74FBA3951FC80C2B00E3A2E3 /* crypto_scrypt-check.c */; };
		74FBA3AB1FC80C2C00E3A2E3 /* sha256.c in Sources */ = {isa = PBXBuildFile; fileRef = 74FBA3971FC80C2B00E3A2E3 /* sha256.c */; };
		74FBA3AC1FC80C2C00E3A2E3 /* crypto_scrypt-hash.c in Sources */ = {isa = PBXBuildFile; fileRef = 74FBA3991FC80C2B00E3A2E3 /* crypto_scrypt-hash.c */; };
		74FBA3AD1FC80C2C00E3A2E3 /* b64.c in Sources */ = {isa = PBXBuildFile; fileRef = 74FBA39C1FC80C2B00E3A2E3 /* b64.c */; };
		74FBA3AE1FC80C2C00E3A2E3 /* crypto-mcf.c in Sources */ = {isa = PBXBuildFile; fileRef = 74FBA39D1FC80C2B00E3A2E3 /* crypto-mcf.c */; };
		74FBA3AF1FC80C2C00E3A2E3 /* slowequals.c in Sources */ = {isa = PBXBuildFile; fileRef = 74FBA39F1FC80C2B00E3A2E3 /* slowequals.c */; };
		74FBA3B01FC80C2C00E3A2E3 /* Makefile in Sources */ = {isa = PBXBuildFile; fileRef = 74FBA3A11FC80C2B00E3A2E3 /* Makefile */; };
		74FBA3B11FC80C2C00E3A2E3 /* crypto_scrypt-hexconvert.c in Sources */ = {isa = PBXBuildFile; fileRef = 74FBA3A31FC80C2C00E3A2E3 /* crypto_scrypt-hexconvert.c */; };
		74FBA3B21FC80C2C00E3A2E3 /* crypto_scrypt-nosse.c in Sources */ = {isa = PBXBuildFile; fileRef = 74FBA3A71FC80C2C00E3A2E3 /* crypto_scrypt-nosse.c */; };
		74FBA3B31FC80C2C00E3A2E3 /* crypto-scrypt-saltgen.c in Sources */ = {isa = PBXBuildFile; fileRef = 74FBA3A81FC80C2C00E3A2E3 /* crypto-scrypt-saltgen.c */; };
		74FBA3B41FC80C2C00E3A2E3 /* main.c in Sources */ = {isa = PBXBuildFile; fileRef = 74FBA3A91FC80C2C00E3A2E3 /* main.c */; };
/* End PBXBuildFile section */

/* Begin PBXCopyFilesBuildPhase section */
		744DDEDE1FC708D70057C1C8 /* CopyFiles */ = {
			isa = PBXCopyFilesBuildPhase;
			buildActionMask = 2147483647;
			dstPath = "include/$(PRODUCT_NAME)";
			dstSubfolderSpec = 16;
			files = (
				744DDEE61FC708D70057C1C8 /* RNScrypt.h in CopyFiles */,
			);
			runOnlyForDeploymentPostprocessing = 0;
		};
/* End PBXCopyFilesBuildPhase section */

/* Begin PBXFileReference section */
		744DDEE01FC708D70057C1C8 /* libRNScrypt.a */ = {isa = PBXFileReference; explicitFileType = archive.ar; includeInIndex = 0; path = libRNScrypt.a; sourceTree = BUILT_PRODUCTS_DIR; };
		744DDEE31FC708D70057C1C8 /* RNScrypt.h */ = {isa = PBXFileReference; lastKnownFileType = sourcecode.c.h; path = RNScrypt.h; sourceTree = "<group>"; };
		744DDEE41FC708D70057C1C8 /* RNScrypt.m */ = {isa = PBXFileReference; lastKnownFileType = sourcecode.c.objc; path = RNScrypt.m; sourceTree = "<group>"; };
		74FBA3951FC80C2B00E3A2E3 /* crypto_scrypt-check.c */ = {isa = PBXFileReference; fileEncoding = 4; lastKnownFileType = sourcecode.c.c; name = "crypto_scrypt-check.c"; path = "../libscrypt/crypto_scrypt-check.c"; sourceTree = "<group>"; };
		74FBA3961FC80C2B00E3A2E3 /* README.md */ = {isa = PBXFileReference; fileEncoding = 4; lastKnownFileType = net.daringfireball.markdown; name = README.md; path = ../libscrypt/README.md; sourceTree = "<group>"; };
		74FBA3971FC80C2B00E3A2E3 /* sha256.c */ = {isa = PBXFileReference; fileEncoding = 4; lastKnownFileType = sourcecode.c.c; name = sha256.c; path = ../libscrypt/sha256.c; sourceTree = "<group>"; };
		74FBA3981FC80C2B00E3A2E3 /* crypto_scrypt-hexconvert.h */ = {isa = PBXFileReference; fileEncoding = 4; lastKnownFileType = sourcecode.c.h; name = "crypto_scrypt-hexconvert.h"; path = "../libscrypt/crypto_scrypt-hexconvert.h"; sourceTree = "<group>"; };
		74FBA3991FC80C2B00E3A2E3 /* crypto_scrypt-hash.c */ = {isa = PBXFileReference; fileEncoding = 4; lastKnownFileType = sourcecode.c.c; name = "crypto_scrypt-hash.c"; path = "../libscrypt/crypto_scrypt-hash.c"; sourceTree = "<group>"; };
		74FBA39A1FC80C2B00E3A2E3 /* slowequals.h */ = {isa = PBXFileReference; fileEncoding = 4; lastKnownFileType = sourcecode.c.h; name = slowequals.h; path = ../libscrypt/slowequals.h; sourceTree = "<group>"; };
		74FBA39B1FC80C2B00E3A2E3 /* b64.h */ = {isa = PBXFileReference; fileEncoding = 4; lastKnownFileType = sourcecode.c.h; name = b64.h; path = ../libscrypt/b64.h; sourceTree = "<group>"; };
		74FBA39C1FC80C2B00E3A2E3 /* b64.c */ = {isa = PBXFileReference; fileEncoding = 4; lastKnownFileType = sourcecode.c.c; name = b64.c; path = ../libscrypt/b64.c; sourceTree = "<group>"; };
		74FBA39D1FC80C2B00E3A2E3 /* crypto-mcf.c */ = {isa = PBXFileReference; fileEncoding = 4; lastKnownFileType = sourcecode.c.c; name = "crypto-mcf.c"; path = "../libscrypt/crypto-mcf.c"; sourceTree = "<group>"; };
		74FBA39E1FC80C2B00E3A2E3 /* sha256.h */ = {isa = PBXFileReference; fileEncoding = 4; lastKnownFileType = sourcecode.c.h; name = sha256.h; path = ../libscrypt/sha256.h; sourceTree = "<group>"; };
		74FBA39F1FC80C2B00E3A2E3 /* slowequals.c */ = {isa = PBXFileReference; fileEncoding = 4; lastKnownFileType = sourcecode.c.c; name = slowequals.c; path = ../libscrypt/slowequals.c; sourceTree = "<group>"; };
		74FBA3A01FC80C2B00E3A2E3 /* libscrypt.version */ = {isa = PBXFileReference; fileEncoding = 4; lastKnownFileType = text; name = libscrypt.version; path = ../libscrypt/libscrypt.version; sourceTree = "<group>"; };
		74FBA3A11FC80C2B00E3A2E3 /* Makefile */ = {isa = PBXFileReference; fileEncoding = 4; lastKnownFileType = sourcecode.make; name = Makefile; path = ../libscrypt/Makefile; sourceTree = "<group>"; };
		74FBA3A21FC80C2C00E3A2E3 /* sysendian.h */ = {isa = PBXFileReference; fileEncoding = 4; lastKnownFileType = sourcecode.c.h; name = sysendian.h; path = ../libscrypt/sysendian.h; sourceTree = "<group>"; };
		74FBA3A31FC80C2C00E3A2E3 /* crypto_scrypt-hexconvert.c */ = {isa = PBXFileReference; fileEncoding = 4; lastKnownFileType = sourcecode.c.c; name = "crypto_scrypt-hexconvert.c"; path = "../libscrypt/crypto_scrypt-hexconvert.c"; sourceTree = "<group>"; };
		74FBA3A41FC80C2C00E3A2E3 /* LICENSE */ = {isa = PBXFileReference; fileEncoding = 4; lastKnownFileType = text; name = LICENSE; path = ../libscrypt/LICENSE; sourceTree = "<group>"; };
		74FBA3A51FC80C2C00E3A2E3 /* android.h */ = {isa = PBXFileReference; fileEncoding = 4; lastKnownFileType = sourcecode.c.h; name = android.h; path = ../libscrypt/android.h; sourceTree = "<group>"; };
		74FBA3A61FC80C2C00E3A2E3 /* libscrypt.h */ = {isa = PBXFileReference; fileEncoding = 4; lastKnownFileType = sourcecode.c.h; name = libscrypt.h; path = ../libscrypt/libscrypt.h; sourceTree = "<group>"; };
		74FBA3A71FC80C2C00E3A2E3 /* crypto_scrypt-nosse.c */ = {isa = PBXFileReference; fileEncoding = 4; lastKnownFileType = sourcecode.c.c; name = "crypto_scrypt-nosse.c"; path = "../libscrypt/crypto_scrypt-nosse.c"; sourceTree = "<group>"; };
		74FBA3A81FC80C2C00E3A2E3 /* crypto-scrypt-saltgen.c */ = {isa = PBXFileReference; fileEncoding = 4; lastKnownFileType = sourcecode.c.c; name = "crypto-scrypt-saltgen.c"; path = "../libscrypt/crypto-scrypt-saltgen.c"; sourceTree = "<group>"; };
		74FBA3A91FC80C2C00E3A2E3 /* main.c */ = {isa = PBXFileReference; fileEncoding = 4; lastKnownFileType = sourcecode.c.c; name = main.c; path = ../libscrypt/main.c; sourceTree = "<group>"; };
/* End PBXFileReference section */

/* Begin PBXFrameworksBuildPhase section */
		744DDEDD1FC708D70057C1C8 /* Frameworks */ = {
			isa = PBXFrameworksBuildPhase;
			buildActionMask = 2147483647;
			files = (
			);
			runOnlyForDeploymentPostprocessing = 0;
		};
/* End PBXFrameworksBuildPhase section */

/* Begin PBXGroup section */
		744DDED71FC708D70057C1C8 = {
			isa = PBXGroup;
			children = (
				74FBA3A51FC80C2C00E3A2E3 /* android.h */,
				74FBA39C1FC80C2B00E3A2E3 /* b64.c */,
				74FBA39B1FC80C2B00E3A2E3 /* b64.h */,
				74FBA3951FC80C2B00E3A2E3 /* crypto_scrypt-check.c */,
				74FBA3991FC80C2B00E3A2E3 /* crypto_scrypt-hash.c */,
				74FBA3A31FC80C2C00E3A2E3 /* crypto_scrypt-hexconvert.c */,
				74FBA3981FC80C2B00E3A2E3 /* crypto_scrypt-hexconvert.h */,
				74FBA3A71FC80C2C00E3A2E3 /* crypto_scrypt-nosse.c */,
				74FBA39D1FC80C2B00E3A2E3 /* crypto-mcf.c */,
				74FBA3A81FC80C2C00E3A2E3 /* crypto-scrypt-saltgen.c */,
				74FBA3A61FC80C2C00E3A2E3 /* libscrypt.h */,
				74FBA3A01FC80C2B00E3A2E3 /* libscrypt.version */,
				74FBA3A41FC80C2C00E3A2E3 /* LICENSE */,
				74FBA3A91FC80C2C00E3A2E3 /* main.c */,
				74FBA3A11FC80C2B00E3A2E3 /* Makefile */,
				74FBA3961FC80C2B00E3A2E3 /* README.md */,
				74FBA3971FC80C2B00E3A2E3 /* sha256.c */,
				74FBA39E1FC80C2B00E3A2E3 /* sha256.h */,
				74FBA39F1FC80C2B00E3A2E3 /* slowequals.c */,
				74FBA39A1FC80C2B00E3A2E3 /* slowequals.h */,
				74FBA3A21FC80C2C00E3A2E3 /* sysendian.h */,
				744DDEE31FC708D70057C1C8 /* RNScrypt.h */,
				744DDEE41FC708D70057C1C8 /* RNScrypt.m */,
				744DDEE11FC708D70057C1C8 /* Products */,
			);
			sourceTree = "<group>";
		};
		744DDEE11FC708D70057C1C8 /* Products */ = {
			isa = PBXGroup;
			children = (
				744DDEE01FC708D70057C1C8 /* libRNScrypt.a */,
			);
			name = Products;
			sourceTree = "<group>";
		};
/* End PBXGroup section */

/* Begin PBXNativeTarget section */
		744DDEDF1FC708D70057C1C8 /* RNScrypt */ = {
			isa = PBXNativeTarget;
			buildConfigurationList = 744DDEE91FC708D70057C1C8 /* Build configuration list for PBXNativeTarget "RNScrypt" */;
			buildPhases = (
				744DDEDC1FC708D70057C1C8 /* Sources */,
				744DDEDD1FC708D70057C1C8 /* Frameworks */,
				744DDEDE1FC708D70057C1C8 /* CopyFiles */,
			);
			buildRules = (
			);
			dependencies = (
			);
			name = RNScrypt;
			productName = RNScrypt;
			productReference = 744DDEE01FC708D70057C1C8 /* libRNScrypt.a */;
			productType = "com.apple.product-type.library.static";
		};
/* End PBXNativeTarget section */

/* Begin PBXProject section */
		744DDED81FC708D70057C1C8 /* Project object */ = {
			isa = PBXProject;
			attributes = {
				LastUpgradeCheck = 0910;
				ORGANIZATIONNAME = "Crypho AS";
				TargetAttributes = {
					744DDEDF1FC708D70057C1C8 = {
						CreatedOnToolsVersion = 9.1;
						ProvisioningStyle = Automatic;
					};
				};
			};
			buildConfigurationList = 744DDEDB1FC708D70057C1C8 /* Build configuration list for PBXProject "RNScrypt" */;
			compatibilityVersion = "Xcode 8.0";
			developmentRegion = en;
			hasScannedForEncodings = 0;
			knownRegions = (
				en,
			);
			mainGroup = 744DDED71FC708D70057C1C8;
			productRefGroup = 744DDEE11FC708D70057C1C8 /* Products */;
			projectDirPath = "";
			projectRoot = "";
			targets = (
				744DDEDF1FC708D70057C1C8 /* RNScrypt */,
			);
		};
/* End PBXProject section */

/* Begin PBXSourcesBuildPhase section */
		744DDEDC1FC708D70057C1C8 /* Sources */ = {
			isa = PBXSourcesBuildPhase;
			buildActionMask = 2147483647;
			files = (
				74FBA3AF1FC80C2C00E3A2E3 /* slowequals.c in Sources */,
				74FBA3AA1FC80C2C00E3A2E3 /* crypto_scrypt-check.c in Sources */,
				74FBA3B31FC80C2C00E3A2E3 /* crypto-scrypt-saltgen.c in Sources */,
				74FBA3B21FC80C2C00E3A2E3 /* crypto_scrypt-nosse.c in Sources */,
				74FBA3AB1FC80C2C00E3A2E3 /* sha256.c in Sources */,
				74FBA3AD1FC80C2C00E3A2E3 /* b64.c in Sources */,
				744DDEE51FC708D70057C1C8 /* RNScrypt.m in Sources */,
				74FBA3AC1FC80C2C00E3A2E3 /* crypto_scrypt-hash.c in Sources */,
				74FBA3B41FC80C2C00E3A2E3 /* main.c in Sources */,
				74FBA3B11FC80C2C00E3A2E3 /* crypto_scrypt-hexconvert.c in Sources */,
				74FBA3B01FC80C2C00E3A2E3 /* Makefile in Sources */,
				74FBA3AE1FC80C2C00E3A2E3 /* crypto-mcf.c in Sources */,
			);
			runOnlyForDeploymentPostprocessing = 0;
		};
/* End PBXSourcesBuildPhase section */

/* Begin XCBuildConfiguration section */
		744DDEE71FC708D70057C1C8 /* Debug */ = {
			isa = XCBuildConfiguration;
			buildSettings = {
				ALWAYS_SEARCH_USER_PATHS = NO;
				CLANG_ANALYZER_NONNULL = YES;
				CLANG_ANALYZER_NUMBER_OBJECT_CONVERSION = YES_AGGRESSIVE;
				CLANG_CXX_LANGUAGE_STANDARD = "gnu++14";
				CLANG_CXX_LIBRARY = "libc++";
				CLANG_ENABLE_MODULES = YES;
				CLANG_ENABLE_OBJC_ARC = YES;
				CLANG_WARN_BLOCK_CAPTURE_AUTORELEASING = YES;
				CLANG_WARN_BOOL_CONVERSION = YES;
				CLANG_WARN_COMMA = YES;
				CLANG_WARN_CONSTANT_CONVERSION = YES;
				CLANG_WARN_DIRECT_OBJC_ISA_USAGE = YES_ERROR;
				CLANG_WARN_DOCUMENTATION_COMMENTS = YES;
				CLANG_WARN_EMPTY_BODY = YES;
				CLANG_WARN_ENUM_CONVERSION = YES;
				CLANG_WARN_INFINITE_RECURSION = YES;
				CLANG_WARN_INT_CONVERSION = YES;
				CLANG_WARN_NON_LITERAL_NULL_CONVERSION = YES;
				CLANG_WARN_OBJC_LITERAL_CONVERSION = YES;
				CLANG_WARN_OBJC_ROOT_CLASS = YES_ERROR;
				CLANG_WARN_RANGE_LOOP_ANALYSIS = YES;
				CLANG_WARN_STRICT_PROTOTYPES = YES;
				CLANG_WARN_SUSPICIOUS_MOVE = YES;
				CLANG_WARN_UNGUARDED_AVAILABILITY = YES_AGGRESSIVE;
				CLANG_WARN_UNREACHABLE_CODE = YES;
				CLANG_WARN__DUPLICATE_METHOD_MATCH = YES;
				CODE_SIGN_IDENTITY = "iPhone Developer";
				COPY_PHASE_STRIP = NO;
				DEBUG_INFORMATION_FORMAT = dwarf;
				ENABLE_STRICT_OBJC_MSGSEND = YES;
				ENABLE_TESTABILITY = YES;
				GCC_C_LANGUAGE_STANDARD = gnu11;
				GCC_DYNAMIC_NO_PIC = NO;
				GCC_NO_COMMON_BLOCKS = YES;
				GCC_OPTIMIZATION_LEVEL = 0;
				GCC_PREPROCESSOR_DEFINITIONS = (
					"DEBUG=1",
					"$(inherited)",
				);
				GCC_WARN_64_TO_32_BIT_CONVERSION = YES;
				GCC_WARN_ABOUT_RETURN_TYPE = YES_ERROR;
				GCC_WARN_UNDECLARED_SELECTOR = YES;
				GCC_WARN_UNINITIALIZED_AUTOS = YES_AGGRESSIVE;
				GCC_WARN_UNUSED_FUNCTION = YES;
				GCC_WARN_UNUSED_VARIABLE = YES;
				IPHONEOS_DEPLOYMENT_TARGET = 11.1;
				MTL_ENABLE_DEBUG_INFO = YES;
				ONLY_ACTIVE_ARCH = YES;
				SDKROOT = iphoneos;
			};
			name = Debug;
		};
		744DDEE81FC708D70057C1C8 /* Release */ = {
			isa = XCBuildConfiguration;
			buildSettings = {
				ALWAYS_SEARCH_USER_PATHS = NO;
				CLANG_ANALYZER_NONNULL = YES;
				CLANG_ANALYZER_NUMBER_OBJECT_CONVERSION = YES_AGGRESSIVE;
				CLANG_CXX_LANGUAGE_STANDARD = "gnu++14";
				CLANG_CXX_LIBRARY = "libc++";
				CLANG_ENABLE_MODULES = YES;
				CLANG_ENABLE_OBJC_ARC = YES;
				CLANG_WARN_BLOCK_CAPTURE_AUTORELEASING = YES;
				CLANG_WARN_BOOL_CONVERSION = YES;
				CLANG_WARN_COMMA = YES;
				CLANG_WARN_CONSTANT_CONVERSION = YES;
				CLANG_WARN_DIRECT_OBJC_ISA_USAGE = YES_ERROR;
				CLANG_WARN_DOCUMENTATION_COMMENTS = YES;
				CLANG_WARN_EMPTY_BODY = YES;
				CLANG_WARN_ENUM_CONVERSION = YES;
				CLANG_WARN_INFINITE_RECURSION = YES;
				CLANG_WARN_INT_CONVERSION = YES;
				CLANG_WARN_NON_LITERAL_NULL_CONVERSION = YES;
				CLANG_WARN_OBJC_LITERAL_CONVERSION = YES;
				CLANG_WARN_OBJC_ROOT_CLASS = YES_ERROR;
				CLANG_WARN_RANGE_LOOP_ANALYSIS = YES;
				CLANG_WARN_STRICT_PROTOTYPES = YES;
				CLANG_WARN_SUSPICIOUS_MOVE = YES;
				CLANG_WARN_UNGUARDED_AVAILABILITY = YES_AGGRESSIVE;
				CLANG_WARN_UNREACHABLE_CODE = YES;
				CLANG_WARN__DUPLICATE_METHOD_MATCH = YES;
				CODE_SIGN_IDENTITY = "iPhone Developer";
				COPY_PHASE_STRIP = NO;
				DEBUG_INFORMATION_FORMAT = "dwarf-with-dsym";
				ENABLE_NS_ASSERTIONS = NO;
				ENABLE_STRICT_OBJC_MSGSEND = YES;
				GCC_C_LANGUAGE_STANDARD = gnu11;
				GCC_NO_COMMON_BLOCKS = YES;
				GCC_WARN_64_TO_32_BIT_CONVERSION = YES;
				GCC_WARN_ABOUT_RETURN_TYPE = YES_ERROR;
				GCC_WARN_UNDECLARED_SELECTOR = YES;
				GCC_WARN_UNINITIALIZED_AUTOS = YES_AGGRESSIVE;
				GCC_WARN_UNUSED_FUNCTION = YES;
				GCC_WARN_UNUSED_VARIABLE = YES;
				IPHONEOS_DEPLOYMENT_TARGET = 11.1;
				MTL_ENABLE_DEBUG_INFO = NO;
				SDKROOT = iphoneos;
				VALIDATE_PRODUCT = YES;
			};
			name = Release;
		};
		744DDEEA1FC708D70057C1C8 /* Debug */ = {
			isa = XCBuildConfiguration;
			buildSettings = {
				CODE_SIGN_STYLE = Automatic;
				DEVELOPMENT_TEAM = GL4J7SY7W5;
				OTHER_LDFLAGS = "-ObjC";
				PRODUCT_NAME = "$(TARGET_NAME)";
				SKIP_INSTALL = YES;
				TARGETED_DEVICE_FAMILY = "1,2";
			};
			name = Debug;
		};
		744DDEEB1FC708D70057C1C8 /* Release */ = {
			isa = XCBuildConfiguration;
			buildSettings = {
				CODE_SIGN_STYLE = Automatic;
				DEVELOPMENT_TEAM = GL4J7SY7W5;
				OTHER_LDFLAGS = "-ObjC";
				PRODUCT_NAME = "$(TARGET_NAME)";
				SKIP_INSTALL = YES;
				TARGETED_DEVICE_FAMILY = "1,2";
			};
			name = Release;
		};
/* End XCBuildConfiguration section */

/* Begin XCConfigurationList section */
		744DDEDB1FC708D70057C1C8 /* Build configuration list for PBXProject "RNScrypt" */ = {
			isa = XCConfigurationList;
			buildConfigurations = (
				744DDEE71FC708D70057C1C8 /* Debug */,
				744DDEE81FC708D70057C1C8 /* Release */,
			);
			defaultConfigurationIsVisible = 0;
			defaultConfigurationName = Release;
		};
		744DDEE91FC708D70057C1C8 /* Build configuration list for PBXNativeTarget "RNScrypt" */ = {
			isa = XCConfigurationList;
			buildConfigurations = (
				744DDEEA1FC708D70057C1C8 /* Debug */,
				744DDEEB1FC708D70057C1C8 /* Release */,
			);
			defaultConfigurationIsVisible = 0;
			defaultConfigurationName = Release;
		};
/* End XCConfigurationList section */
	};
	rootObject = 744DDED81FC708D70057C1C8 /* Project object */;
}
